
Microsoft Visual Studio Solution File, Format Version 12.00
# Visual Studio 15
VisualStudioVersion = 15.0.28307.1525
MinimumVisualStudioVersion = 10.0.40219.1
Project("{FAE04EC0-301F-11D3-BF4B-00C04F79EFBC}") = "Pet Shop Management System", "Pet Shop Management System\Pet Shop Management System.csproj", "{CE793189-B319-4AE1-8956-D0DF031B399C}"
EndProject
Global
	GlobalSection(SolutionConfigurationPlatforms) = preSolution
		Debug|Any CPU = Debug|Any CPU
		Release|Any CPU = Release|Any CPU
	EndGlobalSection
	GlobalSection(ProjectConfigurationPlatforms) = postSolution
		{CE793189-B319-4AE1-8956-D0DF031B399C}.Debug|Any CPU.ActiveCfg = Debug|Any CPU
		{CE793189-B319-4AE1-8956-D0DF031B399C}.Debug|Any CPU.Build.0 = Debug|Any CPU
		{CE793189-B319-4AE1-8956-D0DF031B399C}.Release|Any CPU.ActiveCfg = Release|Any CPU
		{CE793189-B319-4AE1-8956-D0DF031B399C}.Release|Any CPU.Build.0 = Release|Any CPU
	EndGlobalSection
	GlobalSection(SolutionProperties) = preSolution
		HideSolutionNode = FALSE
	EndGlobalSection
	GlobalSection(ExtensibilityGlobals) = postSolution
		SolutionGuid = {358F7457-DB08-4C83-B85C-A76123DC9F38}
	EndGlobalSection
EndGlobal
